
Microsoft Visual Studio Solution File, Format Version 12.00
# Visual Studio 15
VisualStudioVersion = 15.0.27004.2006
MinimumVisualStudioVersion = 10.0.40219.1
Project("{9A19103F-16F7-4668-BE54-9A1E7A4F7556}") = "InterviewTeaChallenge", "InterviewTeaChallenge\InterviewTeaChallenge.csproj", "{35604CF2-E906-48BF-85FA-CDFF16CD8E0D}"
EndProject
Project("{FAE04EC0-301F-11D3-BF4B-00C04F79EFBC}") = "JO.InterviewTeaChallenge.Core", "JO.InterviewTeaChallenge.Core\JO.InterviewTeaChallenge.Core.csproj", "{9839C2EC-B268-4B30-90F3-B26D968073DF}"
EndProject
Project("{FAE04EC0-301F-11D3-BF4B-00C04F79EFBC}") = "JO.InterviewTeaChallenge.Data", "JO.InterviewTeaChallenge.Data\JO.InterviewTeaChallenge.Data.csproj", "{BCAE6410-04C0-41E4-9302-D62FD645F94F}"
EndProject
Global
	GlobalSection(SolutionConfigurationPlatforms) = preSolution
		Debug|Any CPU = Debug|Any CPU
		Release|Any CPU = Release|Any CPU
	EndGlobalSection
	GlobalSection(ProjectConfigurationPlatforms) = postSolution
		{35604CF2-E906-48BF-85FA-CDFF16CD8E0D}.Debug|Any CPU.ActiveCfg = Debug|Any CPU
		{35604CF2-E906-48BF-85FA-CDFF16CD8E0D}.Debug|Any CPU.Build.0 = Debug|Any CPU
		{35604CF2-E906-48BF-85FA-CDFF16CD8E0D}.Release|Any CPU.ActiveCfg = Release|Any CPU
		{35604CF2-E906-48BF-85FA-CDFF16CD8E0D}.Release|Any CPU.Build.0 = Release|Any CPU
		{9839C2EC-B268-4B30-90F3-B26D968073DF}.Debug|Any CPU.ActiveCfg = Debug|Any CPU
		{9839C2EC-B268-4B30-90F3-B26D968073DF}.Debug|Any CPU.Build.0 = Debug|Any CPU
		{9839C2EC-B268-4B30-90F3-B26D968073DF}.Release|Any CPU.ActiveCfg = Release|Any CPU
		{9839C2EC-B268-4B30-90F3-B26D968073DF}.Release|Any CPU.Build.0 = Release|Any CPU
		{BCAE6410-04C0-41E4-9302-D62FD645F94F}.Debug|Any CPU.ActiveCfg = Debug|Any CPU
		{BCAE6410-04C0-41E4-9302-D62FD645F94F}.Debug|Any CPU.Build.0 = Debug|Any CPU
		{BCAE6410-04C0-41E4-9302-D62FD645F94F}.Release|Any CPU.ActiveCfg = Release|Any CPU
		{BCAE6410-04C0-41E4-9302-D62FD645F94F}.Release|Any CPU.Build.0 = Release|Any CPU
	EndGlobalSection
	GlobalSection(SolutionProperties) = preSolution
		HideSolutionNode = FALSE
	EndGlobalSection
	GlobalSection(ExtensibilityGlobals) = postSolution
		SolutionGuid = {D9A9F9A4-6606-4DC7-8161-C877F42B2FE5}
	EndGlobalSection
EndGlobal
